
Microsoft Visual Studio Solution File, Format Version 12.00
# Visual Studio Version 17
VisualStudioVersion = 17.0.31423.177
MinimumVisualStudioVersion = 10.0.40219.1
Project("{FAE04EC0-301F-11D3-BF4B-00C04F79EFBC}") = "ess-providersearch-poc", "ess-providersearch-poc\ess-providersearch-poc.csproj", "{7C3ECEA0-9227-4762-A73A-7F16C77F8E77}"
EndProject
Global
	GlobalSection(SolutionConfigurationPlatforms) = preSolution
		Debug|Any CPU = Debug|Any CPU
		Release|Any CPU = Release|Any CPU
	EndGlobalSection
	GlobalSection(ProjectConfigurationPlatforms) = postSolution
		{7C3ECEA0-9227-4762-A73A-7F16C77F8E77}.Debug|Any CPU.ActiveCfg = Debug|Any CPU
		{7C3ECEA0-9227-4762-A73A-7F16C77F8E77}.Debug|Any CPU.Build.0 = Debug|Any CPU
		{7C3ECEA0-9227-4762-A73A-7F16C77F8E77}.Release|Any CPU.ActiveCfg = Release|Any CPU
		{7C3ECEA0-9227-4762-A73A-7F16C77F8E77}.Release|Any CPU.Build.0 = Release|Any CPU
	EndGlobalSection
	GlobalSection(SolutionProperties) = preSolution
		HideSolutionNode = FALSE
	EndGlobalSection
	GlobalSection(ExtensibilityGlobals) = postSolution
		SolutionGuid = {4D736A15-2144-4680-ADCF-8960EDAAE6DA}
	EndGlobalSection
EndGlobal
